
Microsoft Visual Studio Solution File, Format Version 12.00
# Visual Studio Version 17
VisualStudioVersion = 17.4.33110.190
MinimumVisualStudioVersion = 10.0.40219.1
Project("{9A19103F-16F7-4668-BE54-9A1E7A4F7556}") = "DataGridPerformance", "DataGridPerformance.csproj", "{B0366C8F-174D-426C-B8B4-9C469C7F4BF5}"
EndProject
Global
	GlobalSection(SolutionConfigurationPlatforms) = preSolution
		Debug|Any CPU = Debug|Any CPU
		Release|Any CPU = Release|Any CPU
	EndGlobalSection
	GlobalSection(ProjectConfigurationPlatforms) = postSolution
		{B0366C8F-174D-426C-B8B4-9C469C7F4BF5}.Debug|Any CPU.ActiveCfg = Debug|Any CPU
		{B0366C8F-174D-426C-B8B4-9C469C7F4BF5}.Debug|Any CPU.Build.0 = Debug|Any CPU
		{B0366C8F-174D-426C-B8B4-9C469C7F4BF5}.Release|Any CPU.ActiveCfg = Release|Any CPU
		{B0366C8F-174D-426C-B8B4-9C469C7F4BF5}.Release|Any CPU.Build.0 = Release|Any CPU
	EndGlobalSection
	GlobalSection(SolutionProperties) = preSolution
		HideSolutionNode = FALSE
	EndGlobalSection
	GlobalSection(ExtensibilityGlobals) = postSolution
		SolutionGuid = {BFB7769A-AC02-4CC4-B357-F239CCB37113}
	EndGlobalSection
EndGlobal
